// !$*UTF8*$!
{
	archiveVersion = 1;
	classes = {
	};
	objectVersion = 56;
	objects = {

/* Begin PBXBuildFile section */
		5C05D68928DD0E4000F4F04F /* Origin_EvolveApp.swift in Sources */ = {isa = PBXBuildFile; fileRef = 5C05D68828DD0E4000F4F04F /* Origin_EvolveApp.swift */; };
		5C05D68B28DD0E4000F4F04F /* ContentView.swift in Sources */ = {isa = PBXBuildFile; fileRef = 5C05D68A28DD0E4000F4F04F /* ContentView.swift */; };
		5C05D68D28DD0E4500F4F04F /* Assets.xcassets in Resources */ = {isa = PBXBuildFile; fileRef = 5C05D68C28DD0E4500F4F04F /* Assets.xcassets */; };
		5C05D69028DD0E4500F4F04F /* Preview Assets.xcassets in Resources */ = {isa = PBXBuildFile; fileRef = 5C05D68F28DD0E4500F4F04F /* Preview Assets.xcassets */; };
		5C05D69228DD0E4500F4F04F /* Persistence.swift in Sources */ = {isa = PBXBuildFile; fileRef = 5C05D69128DD0E4500F4F04F /* Persistence.swift */; };
		5C05D69528DD0E4500F4F04F /* Origin_Evolve.xcdatamodeld in Sources */ = {isa = PBXBuildFile; fileRef = 5C05D69328DD0E4500F4F04F /* Origin_Evolve.xcdatamodeld */; };
		5C05D69F28DD0E4600F4F04F /* Origin_EvolveTests.swift in Sources */ = {isa = PBXBuildFile; fileRef = 5C05D69E28DD0E4600F4F04F /* Origin_EvolveTests.swift */; };
		5C05D6A928DD0E4700F4F04F /* Origin_EvolveUITests.swift in Sources */ = {isa = PBXBuildFile; fileRef = 5C05D6A828DD0E4700F4F04F /* Origin_EvolveUITests.swift */; };
		5C05D6AB28DD0E4700F4F04F /* Origin_EvolveUITestsLaunchTests.swift in Sources */ = {isa = PBXBuildFile; fileRef = 5C05D6AA28DD0E4700F4F04F /* Origin_EvolveUITestsLaunchTests.swift */; };
		5CFB309928E78ABC00109732 /* MainView.swift in Sources */ = {isa = PBXBuildFile; fileRef = 5CFB309828E78ABC00109732 /* MainView.swift */; };
		5CFB309F28E78F4000109732 /* homeView.swift in Sources */ = {isa = PBXBuildFile; fileRef = 5CFB309E28E78F4000109732 /* homeView.swift */; };
		5CFB30A128E78F6800109732 /* eventView.swift in Sources */ = {isa = PBXBuildFile; fileRef = 5CFB30A028E78F6800109732 /* eventView.swift */; };
		5CFB30A328E794A100109732 /* accountView.swift in Sources */ = {isa = PBXBuildFile; fileRef = 5CFB30A228E794A100109732 /* accountView.swift */; };
		5CFB30AB28E89CF600109732 /* landmarkData.json in Resources */ = {isa = PBXBuildFile; fileRef = 5CFB30AA28E89CF600109732 /* landmarkData.json */; };
		5CFB30AC28E89CF600109732 /* landmarkData.json in Resources */ = {isa = PBXBuildFile; fileRef = 5CFB30AA28E89CF600109732 /* landmarkData.json */; };
		5CFB30AD28E89CF700109732 /* landmarkData.json in Resources */ = {isa = PBXBuildFile; fileRef = 5CFB30AA28E89CF600109732 /* landmarkData.json */; };
		5CFB30AF28E89D1600109732 /* Landmark.swift in Sources */ = {isa = PBXBuildFile; fileRef = 5CFB30AE28E89D1600109732 /* Landmark.swift */; };
		5CFB30B028E89D1600109732 /* Landmark.swift in Sources */ = {isa = PBXBuildFile; fileRef = 5CFB30AE28E89D1600109732 /* Landmark.swift */; };
		5CFB30B128E89D1600109732 /* Landmark.swift in Sources */ = {isa = PBXBuildFile; fileRef = 5CFB30AE28E89D1600109732 /* Landmark.swift */; };
		5CFB30B328E89E7100109732 /* Data.swift in Sources */ = {isa = PBXBuildFile; fileRef = 5CFB30B228E89E7100109732 /* Data.swift */; };
		5CFB30B428E89E7100109732 /* Data.swift in Sources */ = {isa = PBXBuildFile; fileRef = 5CFB30B228E89E7100109732 /* Data.swift */; };
		5CFB30B528E89E7100109732 /* Data.swift in Sources */ = {isa = PBXBuildFile; fileRef = 5CFB30B228E89E7100109732 /* Data.swift */; };
		5CFB30BA28E8A28700109732 /* landmarkRow.swift in Sources */ = {isa = PBXBuildFile; fileRef = 5CFB30B928E8A28600109732 /* landmarkRow.swift */; };
		5CFB30BB28E8A28700109732 /* landmarkRow.swift in Sources */ = {isa = PBXBuildFile; fileRef = 5CFB30B928E8A28600109732 /* landmarkRow.swift */; };
		5CFB30BC28E8A28700109732 /* landmarkRow.swift in Sources */ = {isa = PBXBuildFile; fileRef = 5CFB30B928E8A28600109732 /* landmarkRow.swift */; };
		5CFB30BE28E8A4BE00109732 /* landmarksList.swift in Sources */ = {isa = PBXBuildFile; fileRef = 5CFB30BD28E8A4BE00109732 /* landmarksList.swift */; };
		5CFB30BF28E8A4BE00109732 /* landmarksList.swift in Sources */ = {isa = PBXBuildFile; fileRef = 5CFB30BD28E8A4BE00109732 /* landmarksList.swift */; };
		5CFB30C028E8A4BE00109732 /* landmarksList.swift in Sources */ = {isa = PBXBuildFile; fileRef = 5CFB30BD28E8A4BE00109732 /* landmarksList.swift */; };
		5CFB30C228E8A77100109732 /* landmarkDetailView.swift in Sources */ = {isa = PBXBuildFile; fileRef = 5CFB30C128E8A77000109732 /* landmarkDetailView.swift */; };
		5CFB30C328E8A77100109732 /* landmarkDetailView.swift in Sources */ = {isa = PBXBuildFile; fileRef = 5CFB30C128E8A77000109732 /* landmarkDetailView.swift */; };
		5CFB30C428E8A77100109732 /* landmarkDetailView.swift in Sources */ = {isa = PBXBuildFile; fileRef = 5CFB30C128E8A77000109732 /* landmarkDetailView.swift */; };
		5CFB30C628E9089500109732 /* circleImage.swift in Sources */ = {isa = PBXBuildFile; fileRef = 5CFB30C528E9089500109732 /* circleImage.swift */; };
		5CFB30C828E9095500109732 /* mapView.swift in Sources */ = {isa = PBXBuildFile; fileRef = 5CFB30C728E9095500109732 /* mapView.swift */; };
/* End PBXBuildFile section */

/* Begin PBXContainerItemProxy section */
		5C05D69B28DD0E4600F4F04F /* PBXContainerItemProxy */ = {
			isa = PBXContainerItemProxy;
			containerPortal = 5C05D67D28DD0E3F00F4F04F /* Project object */;
			proxyType = 1;
			remoteGlobalIDString = 5C05D68428DD0E4000F4F04F;
			remoteInfo = "Origin Evolve";
		};
		5C05D6A528DD0E4700F4F04F /* PBXContainerItemProxy */ = {
			isa = PBXContainerItemProxy;
			containerPortal = 5C05D67D28DD0E3F00F4F04F /* Project object */;
			proxyType = 1;
			remoteGlobalIDString = 5C05D68428DD0E4000F4F04F;
			remoteInfo = "Origin Evolve";
		};
/* End PBXContainerItemProxy section */

/* Begin PBXFileReference section */
		5C05D68528DD0E4000F4F04F /* Origin Evolve.app */ = {isa = PBXFileReference; explicitFileType = wrapper.application; includeInIndex = 0; path = "Origin Evolve.app"; sourceTree = BUILT_PRODUCTS_DIR; };
		5C05D68828DD0E4000F4F04F /* Origin_EvolveApp.swift */ = {isa = PBXFileReference; lastKnownFileType = sourcecode.swift; path = Origin_EvolveApp.swift; sourceTree = "<group>"; };
		5C05D68A28DD0E4000F4F04F /* ContentView.swift */ = {isa = PBXFileReference; lastKnownFileType = sourcecode.swift; path = ContentView.swift; sourceTree = "<group>"; };
		5C05D68C28DD0E4500F4F04F /* Assets.xcassets */ = {isa = PBXFileReference; lastKnownFileType = folder.assetcatalog; path = Assets.xcassets; sourceTree = "<group>"; };
		5C05D68F28DD0E4500F4F04F /* Preview Assets.xcassets */ = {isa = PBXFileReference; lastKnownFileType = folder.assetcatalog; path = "Preview Assets.xcassets"; sourceTree = "<group>"; };
		5C05D69128DD0E4500F4F04F /* Persistence.swift */ = {isa = PBXFileReference; lastKnownFileType = sourcecode.swift; path = Persistence.swift; sourceTree = "<group>"; };
		5C05D69428DD0E4500F4F04F /* Origin_Evolve.xcdatamodel */ = {isa = PBXFileReference; lastKnownFileType = wrapper.xcdatamodel; path = Origin_Evolve.xcdatamodel; sourceTree = "<group>"; };
		5C05D69A28DD0E4600F4F04F /* Origin EvolveTests.xctest */ = {isa = PBXFileReference; explicitFileType = wrapper.cfbundle; includeInIndex = 0; path = "Origin EvolveTests.xctest"; sourceTree = BUILT_PRODUCTS_DIR; };
		5C05D69E28DD0E4600F4F04F /* Origin_EvolveTests.swift */ = {isa = PBXFileReference; lastKnownFileType = sourcecode.swift; path = Origin_EvolveTests.swift; sourceTree = "<group>"; };
		5C05D6A428DD0E4700F4F04F /* Origin EvolveUITests.xctest */ = {isa = PBXFileReference; explicitFileType = wrapper.cfbundle; includeInIndex = 0; path = "Origin EvolveUITests.xctest"; sourceTree = BUILT_PRODUCTS_DIR; };
		5C05D6A828DD0E4700F4F04F /* Origin_EvolveUITests.swift */ = {isa = PBXFileReference; lastKnownFileType = sourcecode.swift; path = Origin_EvolveUITests.swift; sourceTree = "<group>"; };
		5C05D6AA28DD0E4700F4F04F /* Origin_EvolveUITestsLaunchTests.swift */ = {isa = PBXFileReference; lastKnownFileType = sourcecode.swift; path = Origin_EvolveUITestsLaunchTests.swift; sourceTree = "<group>"; };
		5CFB309828E78ABC00109732 /* MainView.swift */ = {isa = PBXFileReference; lastKnownFileType = sourcecode.swift; path = MainView.swift; sourceTree = "<group>"; };
		5CFB309E28E78F4000109732 /* homeView.swift */ = {isa = PBXFileReference; lastKnownFileType = sourcecode.swift; path = homeView.swift; sourceTree = "<group>"; };
		5CFB30A028E78F6800109732 /* eventView.swift */ = {isa = PBXFileReference; lastKnownFileType = sourcecode.swift; path = eventView.swift; sourceTree = "<group>"; };
		5CFB30A228E794A100109732 /* accountView.swift */ = {isa = PBXFileReference; lastKnownFileType = sourcecode.swift; path = accountView.swift; sourceTree = "<group>"; };
		5CFB30AA28E89CF600109732 /* landmarkData.json */ = {isa = PBXFileReference; fileEncoding = 4; lastKnownFileType = text.json; path = landmarkData.json; sourceTree = "<group>"; };
		5CFB30AE28E89D1600109732 /* Landmark.swift */ = {isa = PBXFileReference; lastKnownFileType = sourcecode.swift; path = Landmark.swift; sourceTree = "<group>"; };
		5CFB30B228E89E7100109732 /* Data.swift */ = {isa = PBXFileReference; lastKnownFileType = sourcecode.swift; path = Data.swift; sourceTree = "<group>"; };
		5CFB30B928E8A28600109732 /* landmarkRow.swift */ = {isa = PBXFileReference; lastKnownFileType = sourcecode.swift; path = landmarkRow.swift; sourceTree = "<group>"; };
		5CFB30BD28E8A4BE00109732 /* landmarksList.swift */ = {isa = PBXFileReference; lastKnownFileType = sourcecode.swift; path = landmarksList.swift; sourceTree = "<group>"; };
		5CFB30C128E8A77000109732 /* landmarkDetailView.swift */ = {isa = PBXFileReference; lastKnownFileType = sourcecode.swift; path = landmarkDetailView.swift; sourceTree = "<group>"; };
		5CFB30C528E9089500109732 /* circleImage.swift */ = {isa = PBXFileReference; lastKnownFileType = sourcecode.swift; path = circleImage.swift; sourceTree = "<group>"; };
		5CFB30C728E9095500109732 /* mapView.swift */ = {isa = PBXFileReference; lastKnownFileType = sourcecode.swift; path = mapView.swift; sourceTree = "<group>"; };
/* End PBXFileReference section */

/* Begin PBXFrameworksBuildPhase section */
		5C05D68228DD0E4000F4F04F /* Frameworks */ = {
			isa = PBXFrameworksBuildPhase;
			buildActionMask = 2147483647;
			files = (
			);
			runOnlyForDeploymentPostprocessing = 0;
		};
		5C05D69728DD0E4600F4F04F /* Frameworks */ = {
			isa = PBXFrameworksBuildPhase;
			buildActionMask = 2147483647;
			files = (
			);
			runOnlyForDeploymentPostprocessing = 0;
		};
		5C05D6A128DD0E4700F4F04F /* Frameworks */ = {
			isa = PBXFrameworksBuildPhase;
			buildActionMask = 2147483647;
			files = (
			);
			runOnlyForDeploymentPostprocessing = 0;
		};
/* End PBXFrameworksBuildPhase section */

/* Begin PBXGroup section */
		5C05D67C28DD0E3F00F4F04F = {
			isa = PBXGroup;
			children = (
				5C05D68728DD0E4000F4F04F /* Origin Evolve */,
				5C05D69D28DD0E4600F4F04F /* Origin EvolveTests */,
				5C05D6A728DD0E4700F4F04F /* Origin EvolveUITests */,
				5C05D68628DD0E4000F4F04F /* Products */,
			);
			sourceTree = "<group>";
		};
		5C05D68628DD0E4000F4F04F /* Products */ = {
			isa = PBXGroup;
			children = (
				5C05D68528DD0E4000F4F04F /* Origin Evolve.app */,
				5C05D69A28DD0E4600F4F04F /* Origin EvolveTests.xctest */,
				5C05D6A428DD0E4700F4F04F /* Origin EvolveUITests.xctest */,
			);
			name = Products;
			sourceTree = "<group>";
		};
		5C05D68728DD0E4000F4F04F /* Origin Evolve */ = {
			isa = PBXGroup;
			children = (
				5CFB30B828E8A06B00109732 /* Resources */,
				5CFB30B728E8A03400109732 /* View */,
				5CFB30B628E8A01A00109732 /* Model */,
				5C05D68828DD0E4000F4F04F /* Origin_EvolveApp.swift */,
				5C05D68C28DD0E4500F4F04F /* Assets.xcassets */,
				5C05D69128DD0E4500F4F04F /* Persistence.swift */,
				5C05D69328DD0E4500F4F04F /* Origin_Evolve.xcdatamodeld */,
				5C05D68E28DD0E4500F4F04F /* Preview Content */,
				5CFB309828E78ABC00109732 /* MainView.swift */,
			);
			path = "Origin Evolve";
			sourceTree = "<group>";
		};
		5C05D68E28DD0E4500F4F04F /* Preview Content */ = {
			isa = PBXGroup;
			children = (
				5C05D68F28DD0E4500F4F04F /* Preview Assets.xcassets */,
			);
			path = "Preview Content";
			sourceTree = "<group>";
		};
		5C05D69D28DD0E4600F4F04F /* Origin EvolveTests */ = {
			isa = PBXGroup;
			children = (
				5C05D69E28DD0E4600F4F04F /* Origin_EvolveTests.swift */,
			);
			path = "Origin EvolveTests";
			sourceTree = "<group>";
		};
		5C05D6A728DD0E4700F4F04F /* Origin EvolveUITests */ = {
			isa = PBXGroup;
			children = (
				5C05D6A828DD0E4700F4F04F /* Origin_EvolveUITests.swift */,
				5C05D6AA28DD0E4700F4F04F /* Origin_EvolveUITestsLaunchTests.swift */,
			);
			path = "Origin EvolveUITests";
			sourceTree = "<group>";
		};
		5CFB30B628E8A01A00109732 /* Model */ = {
			isa = PBXGroup;
			children = (
				5CFB30B228E89E7100109732 /* Data.swift */,
				5CFB30AE28E89D1600109732 /* Landmark.swift */,
			);
			path = Model;
			sourceTree = "<group>";
		};
		5CFB30B728E8A03400109732 /* View */ = {
			isa = PBXGroup;
			children = (
				5CFB309E28E78F4000109732 /* homeView.swift */,
				5CFB30A228E794A100109732 /* accountView.swift */,
				5CFB30A028E78F6800109732 /* eventView.swift */,
				5CFB30C528E9089500109732 /* circleImage.swift */,
				5CFB30C728E9095500109732 /* mapView.swift */,
				5C05D68A28DD0E4000F4F04F /* ContentView.swift */,
				5CFB30B928E8A28600109732 /* landmarkRow.swift */,
				5CFB30BD28E8A4BE00109732 /* landmarksList.swift */,
				5CFB30C128E8A77000109732 /* landmarkDetailView.swift */,
			);
			path = View;
			sourceTree = "<group>";
		};
		5CFB30B828E8A06B00109732 /* Resources */ = {
			isa = PBXGroup;
			children = (
				5CFB30AA28E89CF600109732 /* landmarkData.json */,
			);
			path = Resources;
			sourceTree = "<group>";
		};
/* End PBXGroup section */

/* Begin PBXNativeTarget section */
		5C05D68428DD0E4000F4F04F /* Origin Evolve */ = {
			isa = PBXNativeTarget;
			buildConfigurationList = 5C05D6AE28DD0E4700F4F04F /* Build configuration list for PBXNativeTarget "Origin Evolve" */;
			buildPhases = (
				5C05D68128DD0E4000F4F04F /* Sources */,
				5C05D68228DD0E4000F4F04F /* Frameworks */,
				5C05D68328DD0E4000F4F04F /* Resources */,
			);
			buildRules = (
			);
			dependencies = (
			);
			name = "Origin Evolve";
			productName = "Origin Evolve";
			productReference = 5C05D68528DD0E4000F4F04F /* Origin Evolve.app */;
			productType = "com.apple.product-type.application";
		};
		5C05D69928DD0E4600F4F04F /* Origin EvolveTests */ = {
			isa = PBXNativeTarget;
			buildConfigurationList = 5C05D6B128DD0E4700F4F04F /* Build configuration list for PBXNativeTarget "Origin EvolveTests" */;
			buildPhases = (
				5C05D69628DD0E4600F4F04F /* Sources */,
				5C05D69728DD0E4600F4F04F /* Frameworks */,
				5C05D69828DD0E4600F4F04F /* Resources */,
			);
			buildRules = (
			);
			dependencies = (
				5C05D69C28DD0E4600F4F04F /* PBXTargetDependency */,
			);
			name = "Origin EvolveTests";
			productName = "Origin EvolveTests";
			productReference = 5C05D69A28DD0E4600F4F04F /* Origin EvolveTests.xctest */;
			productType = "com.apple.product-type.bundle.unit-test";
		};
		5C05D6A328DD0E4700F4F04F /* Origin EvolveUITests */ = {
			isa = PBXNativeTarget;
			buildConfigurationList = 5C05D6B428DD0E4700F4F04F /* Build configuration list for PBXNativeTarget "Origin EvolveUITests" */;
			buildPhases = (
				5C05D6A028DD0E4700F4F04F /* Sources */,
				5C05D6A128DD0E4700F4F04F /* Frameworks */,
				5C05D6A228DD0E4700F4F04F /* Resources */,
			);
			buildRules = (
			);
			dependencies = (
				5C05D6A628DD0E4700F4F04F /* PBXTargetDependency */,
			);
			name = "Origin EvolveUITests";
			productName = "Origin EvolveUITests";
			productReference = 5C05D6A428DD0E4700F4F04F /* Origin EvolveUITests.xctest */;
			productType = "com.apple.product-type.bundle.ui-testing";
		};
/* End PBXNativeTarget section */

/* Begin PBXProject section */
		5C05D67D28DD0E3F00F4F04F /* Project object */ = {
			isa = PBXProject;
			attributes = {
				BuildIndependentTargetsInParallel = 1;
				LastSwiftUpdateCheck = 1400;
				LastUpgradeCheck = 1400;
				TargetAttributes = {
					5C05D68428DD0E4000F4F04F = {
						CreatedOnToolsVersion = 14.0;
					};
					5C05D69928DD0E4600F4F04F = {
						CreatedOnToolsVersion = 14.0;
						TestTargetID = 5C05D68428DD0E4000F4F04F;
					};
					5C05D6A328DD0E4700F4F04F = {
						CreatedOnToolsVersion = 14.0;
						TestTargetID = 5C05D68428DD0E4000F4F04F;
					};
				};
			};
			buildConfigurationList = 5C05D68028DD0E3F00F4F04F /* Build configuration list for PBXProject "Origin Evolve" */;
			compatibilityVersion = "Xcode 14.0";
			developmentRegion = en;
			hasScannedForEncodings = 0;
			knownRegions = (
				en,
				Base,
			);
			mainGroup = 5C05D67C28DD0E3F00F4F04F;
			productRefGroup = 5C05D68628DD0E4000F4F04F /* Products */;
			projectDirPath = "";
			projectRoot = "";
			targets = (
				5C05D68428DD0E4000F4F04F /* Origin Evolve */,
				5C05D69928DD0E4600F4F04F /* Origin EvolveTests */,
				5C05D6A328DD0E4700F4F04F /* Origin EvolveUITests */,
			);
		};
/* End PBXProject section */

/* Begin PBXResourcesBuildPhase section */
		5C05D68328DD0E4000F4F04F /* Resources */ = {
			isa = PBXResourcesBuildPhase;
			buildActionMask = 2147483647;
			files = (
				5C05D69028DD0E4500F4F04F /* Preview Assets.xcassets in Resources */,
				5C05D68D28DD0E4500F4F04F /* Assets.xcassets in Resources */,
				5CFB30AB28E89CF600109732 /* landmarkData.json in Resources */,
			);
			runOnlyForDeploymentPostprocessing = 0;
		};
		5C05D69828DD0E4600F4F04F /* Resources */ = {
			isa = PBXResourcesBuildPhase;
			buildActionMask = 2147483647;
			files = (
				5CFB30AC28E89CF600109732 /* landmarkData.json in Resources */,
			);
			runOnlyForDeploymentPostprocessing = 0;
		};
		5C05D6A228DD0E4700F4F04F /* Resources */ = {
			isa = PBXResourcesBuildPhase;
			buildActionMask = 2147483647;
			files = (
				5CFB30AD28E89CF700109732 /* landmarkData.json in Resources */,
			);
			runOnlyForDeploymentPostprocessing = 0;
		};
/* End PBXResourcesBuildPhase section */

/* Begin PBXSourcesBuildPhase section */
		5C05D68128DD0E4000F4F04F /* Sources */ = {
			isa = PBXSourcesBuildPhase;
			buildActionMask = 2147483647;
			files = (
				5C05D69228DD0E4500F4F04F /* Persistence.swift in Sources */,
				5CFB30AF28E89D1600109732 /* Landmark.swift in Sources */,
				5C05D68B28DD0E4000F4F04F /* ContentView.swift in Sources */,
				5C05D69528DD0E4500F4F04F /* Origin_Evolve.xcdatamodeld in Sources */,
				5CFB309928E78ABC00109732 /* MainView.swift in Sources */,
				5CFB30C628E9089500109732 /* circleImage.swift in Sources */,
				5CFB30BE28E8A4BE00109732 /* landmarksList.swift in Sources */,
				5CFB30A328E794A100109732 /* accountView.swift in Sources */,
				5CFB30C828E9095500109732 /* mapView.swift in Sources */,
				5CFB30A128E78F6800109732 /* eventView.swift in Sources */,
				5CFB30B328E89E7100109732 /* Data.swift in Sources */,
				5CFB30BA28E8A28700109732 /* landmarkRow.swift in Sources */,
				5CFB309F28E78F4000109732 /* homeView.swift in Sources */,
				5CFB30C228E8A77100109732 /* landmarkDetailView.swift in Sources */,
				5C05D68928DD0E4000F4F04F /* Origin_EvolveApp.swift in Sources */,
			);
			runOnlyForDeploymentPostprocessing = 0;
		};
		5C05D69628DD0E4600F4F04F /* Sources */ = {
			isa = PBXSourcesBuildPhase;
			buildActionMask = 2147483647;
			files = (
				5C05D69F28DD0E4600F4F04F /* Origin_EvolveTests.swift in Sources */,
				5CFB30C328E8A77100109732 /* landmarkDetailView.swift in Sources */,
				5CFB30BF28E8A4BE00109732 /* landmarksList.swift in Sources */,
				5CFB30B428E89E7100109732 /* Data.swift in Sources */,
				5CFB30BB28E8A28700109732 /* landmarkRow.swift in Sources */,
				5CFB30B028E89D1600109732 /* Landmark.swift in Sources */,
			);
			runOnlyForDeploymentPostprocessing = 0;
		};
		5C05D6A028DD0E4700F4F04F /* Sources */ = {
			isa = PBXSourcesBuildPhase;
			buildActionMask = 2147483647;
			files = (
				5C05D6A928DD0E4700F4F04F /* Origin_EvolveUITests.swift in Sources */,
				5C05D6AB28DD0E4700F4F04F /* Origin_EvolveUITestsLaunchTests.swift in Sources */,
				5CFB30B128E89D1600109732 /* Landmark.swift in Sources */,
				5CFB30C428E8A77100109732 /* landmarkDetailView.swift in Sources */,
				5CFB30BC28E8A28700109732 /* landmarkRow.swift in Sources */,
				5CFB30B528E89E7100109732 /* Data.swift in Sources */,
				5CFB30C028E8A4BE00109732 /* landmarksList.swift in Sources */,
			);
			runOnlyForDeploymentPostprocessing = 0;
		};
/* End PBXSourcesBuildPhase section */

/* Begin PBXTargetDependency section */
		5C05D69C28DD0E4600F4F04F /* PBXTargetDependency */ = {
			isa = PBXTargetDependency;
			target = 5C05D68428DD0E4000F4F04F /* Origin Evolve */;
			targetProxy = 5C05D69B28DD0E4600F4F04F /* PBXContainerItemProxy */;
		};
		5C05D6A628DD0E4700F4F04F /* PBXTargetDependency */ = {
			isa = PBXTargetDependency;
			target = 5C05D68428DD0E4000F4F04F /* Origin Evolve */;
			targetProxy = 5C05D6A528DD0E4700F4F04F /* PBXContainerItemProxy */;
		};
/* End PBXTargetDependency section */

/* Begin XCBuildConfiguration section */
		5C05D6AC28DD0E4700F4F04F /* Debug */ = {
			isa = XCBuildConfiguration;
			buildSettings = {
				ALWAYS_SEARCH_USER_PATHS = NO;
				CLANG_ANALYZER_NONNULL = YES;
				CLANG_ANALYZER_NUMBER_OBJECT_CONVERSION = YES_AGGRESSIVE;
				CLANG_CXX_LANGUAGE_STANDARD = "gnu++20";
				CLANG_ENABLE_MODULES = YES;
				CLANG_ENABLE_OBJC_ARC = YES;
				CLANG_ENABLE_OBJC_WEAK = YES;
				CLANG_WARN_BLOCK_CAPTURE_AUTORELEASING = YES;
				CLANG_WARN_BOOL_CONVERSION = YES;
				CLANG_WARN_COMMA = YES;
				CLANG_WARN_CONSTANT_CONVERSION = YES;
				CLANG_WARN_DEPRECATED_OBJC_IMPLEMENTATIONS = YES;
				CLANG_WARN_DIRECT_OBJC_ISA_USAGE = YES_ERROR;
				CLANG_WARN_DOCUMENTATION_COMMENTS = YES;
				CLANG_WARN_EMPTY_BODY = YES;
				CLANG_WARN_ENUM_CONVERSION = YES;
				CLANG_WARN_INFINITE_RECURSION = YES;
				CLANG_WARN_INT_CONVERSION = YES;
				CLANG_WARN_NON_LITERAL_NULL_CONVERSION = YES;
				CLANG_WARN_OBJC_IMPLICIT_RETAIN_SELF = YES;
				CLANG_WARN_OBJC_LITERAL_CONVERSION = YES;
				CLANG_WARN_OBJC_ROOT_CLASS = YES_ERROR;
				CLANG_WARN_QUOTED_INCLUDE_IN_FRAMEWORK_HEADER = YES;
				CLANG_WARN_RANGE_LOOP_ANALYSIS = YES;
				CLANG_WARN_STRICT_PROTOTYPES = YES;
				CLANG_WARN_SUSPICIOUS_MOVE = YES;
				CLANG_WARN_UNGUARDED_AVAILABILITY = YES_AGGRESSIVE;
				CLANG_WARN_UNREACHABLE_CODE = YES;
				CLANG_WARN__DUPLICATE_METHOD_MATCH = YES;
				COPY_PHASE_STRIP = NO;
				DEBUG_INFORMATION_FORMAT = dwarf;
				ENABLE_STRICT_OBJC_MSGSEND = YES;
				ENABLE_TESTABILITY = YES;
				GCC_C_LANGUAGE_STANDARD = gnu11;
				GCC_DYNAMIC_NO_PIC = NO;
				GCC_NO_COMMON_BLOCKS = YES;
				GCC_OPTIMIZATION_LEVEL = 0;
				GCC_PREPROCESSOR_DEFINITIONS = (
					"DEBUG=1",
					"$(inherited)",
				);
				GCC_WARN_64_TO_32_BIT_CONVERSION = YES;
				GCC_WARN_ABOUT_RETURN_TYPE = YES_ERROR;
				GCC_WARN_UNDECLARED_SELECTOR = YES;
				GCC_WARN_UNINITIALIZED_AUTOS = YES_AGGRESSIVE;
				GCC_WARN_UNUSED_FUNCTION = YES;
				GCC_WARN_UNUSED_VARIABLE = YES;
				IPHONEOS_DEPLOYMENT_TARGET = 16.0;
				MTL_ENABLE_DEBUG_INFO = INCLUDE_SOURCE;
				MTL_FAST_MATH = YES;
				ONLY_ACTIVE_ARCH = YES;
				SDKROOT = iphoneos;
				SWIFT_ACTIVE_COMPILATION_CONDITIONS = DEBUG;
				SWIFT_OPTIMIZATION_LEVEL = "-Onone";
			};
			name = Debug;
		};
		5C05D6AD28DD0E4700F4F04F /* Release */ = {
			isa = XCBuildConfiguration;
			buildSettings = {
				ALWAYS_SEARCH_USER_PATHS = NO;
				CLANG_ANALYZER_NONNULL = YES;
				CLANG_ANALYZER_NUMBER_OBJECT_CONVERSION = YES_AGGRESSIVE;
				CLANG_CXX_LANGUAGE_STANDARD = "gnu++20";
				CLANG_ENABLE_MODULES = YES;
				CLANG_ENABLE_OBJC_ARC = YES;
				CLANG_ENABLE_OBJC_WEAK = YES;
				CLANG_WARN_BLOCK_CAPTURE_AUTORELEASING = YES;
				CLANG_WARN_BOOL_CONVERSION = YES;
				CLANG_WARN_COMMA = YES;
				CLANG_WARN_CONSTANT_CONVERSION = YES;
				CLANG_WARN_DEPRECATED_OBJC_IMPLEMENTATIONS = YES;
				CLANG_WARN_DIRECT_OBJC_ISA_USAGE = YES_ERROR;
				CLANG_WARN_DOCUMENTATION_COMMENTS = YES;
				CLANG_WARN_EMPTY_BODY = YES;
				CLANG_WARN_ENUM_CONVERSION = YES;
				CLANG_WARN_INFINITE_RECURSION = YES;
				CLANG_WARN_INT_CONVERSION = YES;
				CLANG_WARN_NON_LITERAL_NULL_CONVERSION = YES;
				CLANG_WARN_OBJC_IMPLICIT_RETAIN_SELF = YES;
				CLANG_WARN_OBJC_LITERAL_CONVERSION = YES;
				CLANG_WARN_OBJC_ROOT_CLASS = YES_ERROR;
				CLANG_WARN_QUOTED_INCLUDE_IN_FRAMEWORK_HEADER = YES;
				CLANG_WARN_RANGE_LOOP_ANALYSIS = YES;
				CLANG_WARN_STRICT_PROTOTYPES = YES;
				CLANG_WARN_SUSPICIOUS_MOVE = YES;
				CLANG_WARN_UNGUARDED_AVAILABILITY = YES_AGGRESSIVE;
				CLANG_WARN_UNREACHABLE_CODE = YES;
				CLANG_WARN__DUPLICATE_METHOD_MATCH = YES;
				COPY_PHASE_STRIP = NO;
				DEBUG_INFORMATION_FORMAT = "dwarf-with-dsym";
				ENABLE_NS_ASSERTIONS = NO;
				ENABLE_STRICT_OBJC_MSGSEND = YES;
				GCC_C_LANGUAGE_STANDARD = gnu11;
				GCC_NO_COMMON_BLOCKS = YES;
				GCC_WARN_64_TO_32_BIT_CONVERSION = YES;
				GCC_WARN_ABOUT_RETURN_TYPE = YES_ERROR;
				GCC_WARN_UNDECLARED_SELECTOR = YES;
				GCC_WARN_UNINITIALIZED_AUTOS = YES_AGGRESSIVE;
				GCC_WARN_UNUSED_FUNCTION = YES;
				GCC_WARN_UNUSED_VARIABLE = YES;
				IPHONEOS_DEPLOYMENT_TARGET = 16.0;
				MTL_ENABLE_DEBUG_INFO = NO;
				MTL_FAST_MATH = YES;
				SDKROOT = iphoneos;
				SWIFT_COMPILATION_MODE = wholemodule;
				SWIFT_OPTIMIZATION_LEVEL = "-O";
				VALIDATE_PRODUCT = YES;
			};
			name = Release;
		};
		5C05D6AF28DD0E4700F4F04F /* Debug */ = {
			isa = XCBuildConfiguration;
			buildSettings = {
				ASSETCATALOG_COMPILER_APPICON_NAME = AppIcon;
				ASSETCATALOG_COMPILER_GLOBAL_ACCENT_COLOR_NAME = AccentColor;
				CODE_SIGN_IDENTITY = "Apple Development";
				CODE_SIGN_STYLE = Automatic;
				CURRENT_PROJECT_VERSION = 1;
				DEVELOPMENT_ASSET_PATHS = "\"Origin Evolve/Preview Content\"";
				DEVELOPMENT_TEAM = MMF7BBV627;
				ENABLE_PREVIEWS = YES;
				GENERATE_INFOPLIST_FILE = YES;
				INFOPLIST_KEY_UIApplicationSceneManifest_Generation = YES;
				INFOPLIST_KEY_UIApplicationSupportsIndirectInputEvents = YES;
				INFOPLIST_KEY_UILaunchScreen_Generation = YES;
				INFOPLIST_KEY_UISupportedInterfaceOrientations_iPad = "UIInterfaceOrientationPortrait UIInterfaceOrientationPortraitUpsideDown UIInterfaceOrientationLandscapeLeft UIInterfaceOrientationLandscapeRight";
				INFOPLIST_KEY_UISupportedInterfaceOrientations_iPhone = "UIInterfaceOrientationPortrait UIInterfaceOrientationLandscapeLeft UIInterfaceOrientationLandscapeRight";
				LD_RUNPATH_SEARCH_PATHS = (
					"$(inherited)",
					"@executable_path/Frameworks",
				);
				MARKETING_VERSION = 1.0;
				PRODUCT_BUNDLE_IDENTIFIER = "co.originevolve.Origin-Evolve-App";
				PRODUCT_NAME = "$(TARGET_NAME)";
				PROVISIONING_PROFILE_SPECIFIER = "";
				SWIFT_EMIT_LOC_STRINGS = YES;
				SWIFT_VERSION = 5.0;
				TARGETED_DEVICE_FAMILY = "1,2";
			};
			name = Debug;
		};
		5C05D6B028DD0E4700F4F04F /* Release */ = {
			isa = XCBuildConfiguration;
			buildSettings = {
				ASSETCATALOG_COMPILER_APPICON_NAME = AppIcon;
				ASSETCATALOG_COMPILER_GLOBAL_ACCENT_COLOR_NAME = AccentColor;
				CODE_SIGN_IDENTITY = "Apple Development";
				CODE_SIGN_STYLE = Automatic;
				CURRENT_PROJECT_VERSION = 1;
				DEVELOPMENT_ASSET_PATHS = "\"Origin Evolve/Preview Content\"";
				DEVELOPMENT_TEAM = MMF7BBV627;
				ENABLE_PREVIEWS = YES;
				GENERATE_INFOPLIST_FILE = YES;
				INFOPLIST_KEY_UIApplicationSceneManifest_Generation = YES;
				INFOPLIST_KEY_UIApplicationSupportsIndirectInputEvents = YES;
				INFOPLIST_KEY_UILaunchScreen_Generation = YES;
				INFOPLIST_KEY_UISupportedInterfaceOrientations_iPad = "UIInterfaceOrientationPortrait UIInterfaceOrientationPortraitUpsideDown UIInterfaceOrientationLandscapeLeft UIInterfaceOrientationLandscapeRight";
				INFOPLIST_KEY_UISupportedInterfaceOrientations_iPhone = "UIInterfaceOrientationPortrait UIInterfaceOrientationLandscapeLeft UIInterfaceOrientationLandscapeRight";
				LD_RUNPATH_SEARCH_PATHS = (
					"$(inherited)",
					"@executable_path/Frameworks",
				);
				MARKETING_VERSION = 1.0;
				PRODUCT_BUNDLE_IDENTIFIER = "co.originevolve.Origin-Evolve-App";
				PRODUCT_NAME = "$(TARGET_NAME)";
				PROVISIONING_PROFILE_SPECIFIER = "";
				SWIFT_EMIT_LOC_STRINGS = YES;
				SWIFT_VERSION = 5.0;
				TARGETED_DEVICE_FAMILY = "1,2";
			};
			name = Release;
		};
		5C05D6B228DD0E4700F4F04F /* Debug */ = {
			isa = XCBuildConfiguration;
			buildSettings = {
				ALWAYS_EMBED_SWIFT_STANDARD_LIBRARIES = YES;
				BUNDLE_LOADER = "$(TEST_HOST)";
				CODE_SIGN_STYLE = Automatic;
				CURRENT_PROJECT_VERSION = 1;
				DEVELOPMENT_TEAM = L4H9LZ77XG;
				GENERATE_INFOPLIST_FILE = YES;
				IPHONEOS_DEPLOYMENT_TARGET = 16.0;
				MARKETING_VERSION = 1.0;
				PRODUCT_BUNDLE_IDENTIFIER = "co.originevolve.Origin-EvolveTests";
				PRODUCT_NAME = "$(TARGET_NAME)";
				SWIFT_EMIT_LOC_STRINGS = NO;
				SWIFT_VERSION = 5.0;
				TARGETED_DEVICE_FAMILY = "1,2";
				TEST_HOST = "$(BUILT_PRODUCTS_DIR)/Origin Evolve.app/$(BUNDLE_EXECUTABLE_FOLDER_PATH)/Origin Evolve";
			};
			name = Debug;
		};
		5C05D6B328DD0E4700F4F04F /* Release */ = {
			isa = XCBuildConfiguration;
			buildSettings = {
				ALWAYS_EMBED_SWIFT_STANDARD_LIBRARIES = YES;
				BUNDLE_LOADER = "$(TEST_HOST)";
				CODE_SIGN_STYLE = Automatic;
				CURRENT_PROJECT_VERSION = 1;
				DEVELOPMENT_TEAM = L4H9LZ77XG;
				GENERATE_INFOPLIST_FILE = YES;
				IPHONEOS_DEPLOYMENT_TARGET = 16.0;
				MARKETING_VERSION = 1.0;
				PRODUCT_BUNDLE_IDENTIFIER = "co.originevolve.Origin-EvolveTests";
				PRODUCT_NAME = "$(TARGET_NAME)";
				SWIFT_EMIT_LOC_STRINGS = NO;
				SWIFT_VERSION = 5.0;
				TARGETED_DEVICE_FAMILY = "1,2";
				TEST_HOST = "$(BUILT_PRODUCTS_DIR)/Origin Evolve.app/$(BUNDLE_EXECUTABLE_FOLDER_PATH)/Origin Evolve";
			};
			name = Release;
		};
		5C05D6B528DD0E4700F4F04F /* Debug */ = {
			isa = XCBuildConfiguration;
			buildSettings = {
				ALWAYS_EMBED_SWIFT_STANDARD_LIBRARIES = YES;
				CODE_SIGN_STYLE = Automatic;
				CURRENT_PROJECT_VERSION = 1;
				DEVELOPMENT_TEAM = L4H9LZ77XG;
				GENERATE_INFOPLIST_FILE = YES;
				MARKETING_VERSION = 1.0;
				PRODUCT_BUNDLE_IDENTIFIER = "co.originevolve.Origin-EvolveUITests";
				PRODUCT_NAME = "$(TARGET_NAME)";
				SWIFT_EMIT_LOC_STRINGS = NO;
				SWIFT_VERSION = 5.0;
				TARGETED_DEVICE_FAMILY = "1,2";
				TEST_TARGET_NAME = "Origin Evolve";
			};
			name = Debug;
		};
		5C05D6B628DD0E4700F4F04F /* Release */ = {
			isa = XCBuildConfiguration;
			buildSettings = {
				ALWAYS_EMBED_SWIFT_STANDARD_LIBRARIES = YES;
				CODE_SIGN_STYLE = Automatic;
				CURRENT_PROJECT_VERSION = 1;
				DEVELOPMENT_TEAM = L4H9LZ77XG;
				GENERATE_INFOPLIST_FILE = YES;
				MARKETING_VERSION = 1.0;
				PRODUCT_BUNDLE_IDENTIFIER = "co.originevolve.Origin-EvolveUITests";
				PRODUCT_NAME = "$(TARGET_NAME)";
				SWIFT_EMIT_LOC_STRINGS = NO;
				SWIFT_VERSION = 5.0;
				TARGETED_DEVICE_FAMILY = "1,2";
				TEST_TARGET_NAME = "Origin Evolve";
			};
			name = Release;
		};
/* End XCBuildConfiguration section */

/* Begin XCConfigurationList section */
		5C05D68028DD0E3F00F4F04F /* Build configuration list for PBXProject "Origin Evolve" */ = {
			isa = XCConfigurationList;
			buildConfigurations = (
				5C05D6AC28DD0E4700F4F04F /* Debug */,
				5C05D6AD28DD0E4700F4F04F /* Release */,
			);
			defaultConfigurationIsVisible = 0;
			defaultConfigurationName = Release;
		};
		5C05D6AE28DD0E4700F4F04F /* Build configuration list for PBXNativeTarget "Origin Evolve" */ = {
			isa = XCConfigurationList;
			buildConfigurations = (
				5C05D6AF28DD0E4700F4F04F /* Debug */,
				5C05D6B028DD0E4700F4F04F /* Release */,
			);
			defaultConfigurationIsVisible = 0;
			defaultConfigurationName = Release;
		};
		5C05D6B128DD0E4700F4F04F /* Build configuration list for PBXNativeTarget "Origin EvolveTests" */ = {
			isa = XCConfigurationList;
			buildConfigurations = (
				5C05D6B228DD0E4700F4F04F /* Debug */,
				5C05D6B328DD0E4700F4F04F /* Release */,
			);
			defaultConfigurationIsVisible = 0;
			defaultConfigurationName = Release;
		};
		5C05D6B428DD0E4700F4F04F /* Build configuration list for PBXNativeTarget "Origin EvolveUITests" */ = {
			isa = XCConfigurationList;
			buildConfigurations = (
				5C05D6B528DD0E4700F4F04F /* Debug */,
				5C05D6B628DD0E4700F4F04F /* Release */,
			);
			defaultConfigurationIsVisible = 0;
			defaultConfigurationName = Release;
		};
/* End XCConfigurationList section */

/* Begin XCVersionGroup section */
		5C05D69328DD0E4500F4F04F /* Origin_Evolve.xcdatamodeld */ = {
			isa = XCVersionGroup;
			children = (
				5C05D69428DD0E4500F4F04F /* Origin_Evolve.xcdatamodel */,
			);
			currentVersion = 5C05D69428DD0E4500F4F04F /* Origin_Evolve.xcdatamodel */;
			path = Origin_Evolve.xcdatamodeld;
			sourceTree = "<group>";
			versionGroupType = wrapper.xcdatamodel;
		};
/* End XCVersionGroup section */
	};
	rootObject = 5C05D67D28DD0E3F00F4F04F /* Project object */;
}
